
Microsoft Visual Studio Solution File, Format Version 12.00
# Visual Studio 15
VisualStudioVersion = 15.0.28307.421
MinimumVisualStudioVersion = 10.0.40219.1
Project("{FAE04EC0-301F-11D3-BF4B-00C04F79EFBC}") = "Czar.Cms.Admin", "Czar.Cms.Admin\Czar.Cms.Admin.csproj", "{19AAD4DD-8536-4EE9-B646-068211D32327}"
EndProject
Project("{2150E333-8FDC-42A3-9474-1A3956D46DE8}") = "1.UI", "1.UI", "{633DDC14-7620-4074-A672-51A588AE433C}"
EndProject
Project("{FAE04EC0-301F-11D3-BF4B-00C04F79EFBC}") = "Czar.Cms.Site", "Czar.Cms.Site\Czar.Cms.Site.csproj", "{A2A8B7F5-E077-474B-AB22-E885A31AA288}"
EndProject
Project("{2150E333-8FDC-42A3-9474-1A3956D46DE8}") = "2.Application", "2.Application", "{DEA29E98-810F-410C-8869-B53359B87526}"
EndProject
Project("{FAE04EC0-301F-11D3-BF4B-00C04F79EFBC}") = "Czar.Cms.IServices", "Czar.Cms.IServices\Czar.Cms.IServices.csproj", "{C9D0BC5B-D76C-42E0-8FBF-B7504D8B28B5}"
EndProject
Project("{FAE04EC0-301F-11D3-BF4B-00C04F79EFBC}") = "Czar.Cms.Services", "Czar.Cms.Services\Czar.Cms.Services.csproj", "{D8B98B2E-9FEB-48F8-88E8-C97E04537519}"
EndProject
Project("{2150E333-8FDC-42A3-9474-1A3956D46DE8}") = "3.Repository", "3.Repository", "{FC72C7CD-6535-40CE-AF81-A805C392311C}"
EndProject
Project("{FAE04EC0-301F-11D3-BF4B-00C04F79EFBC}") = "Czar.Cms.IRepository", "Czar.Cms.IRepository\Czar.Cms.IRepository.csproj", "{312D0F6E-66F4-4D91-BE39-8DBA3C7BC9AF}"
EndProject
Project("{FAE04EC0-301F-11D3-BF4B-00C04F79EFBC}") = "Czar.Cms.Repository.SqlServer", "Czar.Cms.Repository.SqlServer\Czar.Cms.Repository.SqlServer.csproj", "{9405346A-C9B0-481B-AA42-FD90073AC4F3}"
EndProject
Project("{2150E333-8FDC-42A3-9474-1A3956D46DE8}") = "4.Entity", "4.Entity", "{8C45822A-9EA9-4EC3-9512-9B98C6C5F4F4}"
EndProject
Project("{FAE04EC0-301F-11D3-BF4B-00C04F79EFBC}") = "Czar.Cms.Models", "Czar.Cms.Models\Czar.Cms.Models.csproj", "{08239F15-E544-4075-844E-0599C5BE9639}"
EndProject
Project("{FAE04EC0-301F-11D3-BF4B-00C04F79EFBC}") = "Czar.Cms.ViewModels", "Czar.Cms.ViewModels\Czar.Cms.ViewModels.csproj", "{2B499AC9-E0F2-4088-9E9C-D3D11CEDBDB1}"
EndProject
Project("{2150E333-8FDC-42A3-9474-1A3956D46DE8}") = "5.Infrastructure", "5.Infrastructure", "{341FFEB9-EA2C-48CA-9BD3-827959D0352A}"
EndProject
Project("{FAE04EC0-301F-11D3-BF4B-00C04F79EFBC}") = "Czar.Cms.Core", "Czar.Cms.Core\Czar.Cms.Core.csproj", "{76D2DFCF-F309-4679-AF41-C643FD94DDDD}"
EndProject
Project("{2150E333-8FDC-42A3-9474-1A3956D46DE8}") = "6.Test", "6.Test", "{E4F10834-F0BC-4C17-B666-812A49CD914D}"
EndProject
Project("{FAE04EC0-301F-11D3-BF4B-00C04F79EFBC}") = "Czar.Cms.Test", "Czar.Cms.Test\Czar.Cms.Test.csproj", "{D6F23E53-5E93-4464-9B20-9C9009BA7C76}"
EndProject
Global
	GlobalSection(SolutionConfigurationPlatforms) = preSolution
		Debug|Any CPU = Debug|Any CPU
		Release|Any CPU = Release|Any CPU
	EndGlobalSection
	GlobalSection(ProjectConfigurationPlatforms) = postSolution
		{19AAD4DD-8536-4EE9-B646-068211D32327}.Debug|Any CPU.ActiveCfg = Debug|Any CPU
		{19AAD4DD-8536-4EE9-B646-068211D32327}.Debug|Any CPU.Build.0 = Debug|Any CPU
		{19AAD4DD-8536-4EE9-B646-068211D32327}.Release|Any CPU.ActiveCfg = Release|Any CPU
		{19AAD4DD-8536-4EE9-B646-068211D32327}.Release|Any CPU.Build.0 = Release|Any CPU
		{A2A8B7F5-E077-474B-AB22-E885A31AA288}.Debug|Any CPU.ActiveCfg = Debug|Any CPU
		{A2A8B7F5-E077-474B-AB22-E885A31AA288}.Debug|Any CPU.Build.0 = Debug|Any CPU
		{A2A8B7F5-E077-474B-AB22-E885A31AA288}.Release|Any CPU.ActiveCfg = Release|Any CPU
		{A2A8B7F5-E077-474B-AB22-E885A31AA288}.Release|Any CPU.Build.0 = Release|Any CPU
		{C9D0BC5B-D76C-42E0-8FBF-B7504D8B28B5}.Debug|Any CPU.ActiveCfg = Debug|Any CPU
		{C9D0BC5B-D76C-42E0-8FBF-B7504D8B28B5}.Debug|Any CPU.Build.0 = Debug|Any CPU
		{C9D0BC5B-D76C-42E0-8FBF-B7504D8B28B5}.Release|Any CPU.ActiveCfg = Release|Any CPU
		{C9D0BC5B-D76C-42E0-8FBF-B7504D8B28B5}.Release|Any CPU.Build.0 = Release|Any CPU
		{D8B98B2E-9FEB-48F8-88E8-C97E04537519}.Debug|Any CPU.ActiveCfg = Debug|Any CPU
		{D8B98B2E-9FEB-48F8-88E8-C97E04537519}.Debug|Any CPU.Build.0 = Debug|Any CPU
		{D8B98B2E-9FEB-48F8-88E8-C97E04537519}.Release|Any CPU.ActiveCfg = Release|Any CPU
		{D8B98B2E-9FEB-48F8-88E8-C97E04537519}.Release|Any CPU.Build.0 = Release|Any CPU
		{312D0F6E-66F4-4D91-BE39-8DBA3C7BC9AF}.Debug|Any CPU.ActiveCfg = Debug|Any CPU
		{312D0F6E-66F4-4D91-BE39-8DBA3C7BC9AF}.Debug|Any CPU.Build.0 = Debug|Any CPU
		{312D0F6E-66F4-4D91-BE39-8DBA3C7BC9AF}.Release|Any CPU.ActiveCfg = Release|Any CPU
		{312D0F6E-66F4-4D91-BE39-8DBA3C7BC9AF}.Release|Any CPU.Build.0 = Release|Any CPU
		{9405346A-C9B0-481B-AA42-FD90073AC4F3}.Debug|Any CPU.ActiveCfg = Debug|Any CPU
		{9405346A-C9B0-481B-AA42-FD90073AC4F3}.Debug|Any CPU.Build.0 = Debug|Any CPU
		{9405346A-C9B0-481B-AA42-FD90073AC4F3}.Release|Any CPU.ActiveCfg = Release|Any CPU
		{9405346A-C9B0-481B-AA42-FD90073AC4F3}.Release|Any CPU.Build.0 = Release|Any CPU
		{08239F15-E544-4075-844E-0599C5BE9639}.Debug|Any CPU.ActiveCfg = Debug|Any CPU
		{08239F15-E544-4075-844E-0599C5BE9639}.Debug|Any CPU.Build.0 = Debug|Any CPU
		{08239F15-E544-4075-844E-0599C5BE9639}.Release|Any CPU.ActiveCfg = Release|Any CPU
		{08239F15-E544-4075-844E-0599C5BE9639}.Release|Any CPU.Build.0 = Release|Any CPU
		{2B499AC9-E0F2-4088-9E9C-D3D11CEDBDB1}.Debug|Any CPU.ActiveCfg = Debug|Any CPU
		{2B499AC9-E0F2-4088-9E9C-D3D11CEDBDB1}.Debug|Any CPU.Build.0 = Debug|Any CPU
		{2B499AC9-E0F2-4088-9E9C-D3D11CEDBDB1}.Release|Any CPU.ActiveCfg = Release|Any CPU
		{2B499AC9-E0F2-4088-9E9C-D3D11CEDBDB1}.Release|Any CPU.Build.0 = Release|Any CPU
		{76D2DFCF-F309-4679-AF41-C643FD94DDDD}.Debug|Any CPU.ActiveCfg = Debug|Any CPU
		{76D2DFCF-F309-4679-AF41-C643FD94DDDD}.Debug|Any CPU.Build.0 = Debug|Any CPU
		{76D2DFCF-F309-4679-AF41-C643FD94DDDD}.Release|Any CPU.ActiveCfg = Release|Any CPU
		{76D2DFCF-F309-4679-AF41-C643FD94DDDD}.Release|Any CPU.Build.0 = Release|Any CPU
		{D6F23E53-5E93-4464-9B20-9C9009BA7C76}.Debug|Any CPU.ActiveCfg = Debug|Any CPU
		{D6F23E53-5E93-4464-9B20-9C9009BA7C76}.Debug|Any CPU.Build.0 = Debug|Any CPU
		{D6F23E53-5E93-4464-9B20-9C9009BA7C76}.Release|Any CPU.ActiveCfg = Release|Any CPU
		{D6F23E53-5E93-4464-9B20-9C9009BA7C76}.Release|Any CPU.Build.0 = Release|Any CPU
	EndGlobalSection
	GlobalSection(SolutionProperties) = preSolution
		HideSolutionNode = FALSE
	EndGlobalSection
	GlobalSection(NestedProjects) = preSolution
		{19AAD4DD-8536-4EE9-B646-068211D32327} = {633DDC14-7620-4074-A672-51A588AE433C}
		{A2A8B7F5-E077-474B-AB22-E885A31AA288} = {633DDC14-7620-4074-A672-51A588AE433C}
		{C9D0BC5B-D76C-42E0-8FBF-B7504D8B28B5} = {DEA29E98-810F-410C-8869-B53359B87526}
		{D8B98B2E-9FEB-48F8-88E8-C97E04537519} = {DEA29E98-810F-410C-8869-B53359B87526}
		{312D0F6E-66F4-4D91-BE39-8DBA3C7BC9AF} = {FC72C7CD-6535-40CE-AF81-A805C392311C}
		{9405346A-C9B0-481B-AA42-FD90073AC4F3} = {FC72C7CD-6535-40CE-AF81-A805C392311C}
		{08239F15-E544-4075-844E-0599C5BE9639} = {8C45822A-9EA9-4EC3-9512-9B98C6C5F4F4}
		{2B499AC9-E0F2-4088-9E9C-D3D11CEDBDB1} = {8C45822A-9EA9-4EC3-9512-9B98C6C5F4F4}
		{76D2DFCF-F309-4679-AF41-C643FD94DDDD} = {341FFEB9-EA2C-48CA-9BD3-827959D0352A}
		{D6F23E53-5E93-4464-9B20-9C9009BA7C76} = {E4F10834-F0BC-4C17-B666-812A49CD914D}
	EndGlobalSection
	GlobalSection(ExtensibilityGlobals) = postSolution
		SolutionGuid = {27921FFC-C1F4-4DED-8F02-625A08FF8760}
	EndGlobalSection
EndGlobal
