
Microsoft Visual Studio Solution File, Format Version 12.00
# Visual Studio 15
VisualStudioVersion = 15.0.28307.329
MinimumVisualStudioVersion = 10.0.40219.1
Project("{FAE04EC0-301F-11D3-BF4B-00C04F79EFBC}") = "GenericApp", "GenericApp\GenericApp.csproj", "{4039A957-A0AF-4C3A-A072-28888F800F7B}"
EndProject
Global
	GlobalSection(SolutionConfigurationPlatforms) = preSolution
		Debug|Any CPU = Debug|Any CPU
		Release|Any CPU = Release|Any CPU
	EndGlobalSection
	GlobalSection(ProjectConfigurationPlatforms) = postSolution
		{4039A957-A0AF-4C3A-A072-28888F800F7B}.Debug|Any CPU.ActiveCfg = Debug|Any CPU
		{4039A957-A0AF-4C3A-A072-28888F800F7B}.Debug|Any CPU.Build.0 = Debug|Any CPU
		{4039A957-A0AF-4C3A-A072-28888F800F7B}.Release|Any CPU.ActiveCfg = Release|Any CPU
		{4039A957-A0AF-4C3A-A072-28888F800F7B}.Release|Any CPU.Build.0 = Release|Any CPU
	EndGlobalSection
	GlobalSection(SolutionProperties) = preSolution
		HideSolutionNode = FALSE
	EndGlobalSection
	GlobalSection(ExtensibilityGlobals) = postSolution
		SolutionGuid = {DAFB5692-4D1A-4820-BAED-25AE18DD4184}
	EndGlobalSection
EndGlobal
